
Microsoft Visual Studio Solution File, Format Version 12.00
Project("{FAE04EC0-301F-11D3-BF4B-00C04F79EFBC}") = "Hootel.Hotels", "Hootel.Hotels\Hootel.Hotels.csproj", "{D74F9D4D-4E53-482F-9992-56B19295885B}"
EndProject
Project("{FAE04EC0-301F-11D3-BF4B-00C04F79EFBC}") = "Hootel.Models", "Hootel.Models\Hootel.Models.csproj", "{EB721A61-38A3-4902-BDF0-2F7384C80A61}"
EndProject
Project("{FAE04EC0-301F-11D3-BF4B-00C04F79EFBC}") = "Hootel.Rooms", "Hootel.Rooms\Hootel.Rooms.csproj", "{EA013CA2-5C20-446D-B50E-CD24A7CD5CB4}"
EndProject
Global
	GlobalSection(SolutionConfigurationPlatforms) = preSolution
		Debug|Any CPU = Debug|Any CPU
		Release|Any CPU = Release|Any CPU
	EndGlobalSection
	GlobalSection(ProjectConfigurationPlatforms) = postSolution
		{D74F9D4D-4E53-482F-9992-56B19295885B}.Debug|Any CPU.ActiveCfg = Debug|Any CPU
		{D74F9D4D-4E53-482F-9992-56B19295885B}.Debug|Any CPU.Build.0 = Debug|Any CPU
		{D74F9D4D-4E53-482F-9992-56B19295885B}.Release|Any CPU.ActiveCfg = Release|Any CPU
		{D74F9D4D-4E53-482F-9992-56B19295885B}.Release|Any CPU.Build.0 = Release|Any CPU
		{EB721A61-38A3-4902-BDF0-2F7384C80A61}.Debug|Any CPU.ActiveCfg = Debug|Any CPU
		{EB721A61-38A3-4902-BDF0-2F7384C80A61}.Debug|Any CPU.Build.0 = Debug|Any CPU
		{EB721A61-38A3-4902-BDF0-2F7384C80A61}.Release|Any CPU.ActiveCfg = Release|Any CPU
		{EB721A61-38A3-4902-BDF0-2F7384C80A61}.Release|Any CPU.Build.0 = Release|Any CPU
		{EA013CA2-5C20-446D-B50E-CD24A7CD5CB4}.Debug|Any CPU.ActiveCfg = Debug|Any CPU
		{EA013CA2-5C20-446D-B50E-CD24A7CD5CB4}.Debug|Any CPU.Build.0 = Debug|Any CPU
		{EA013CA2-5C20-446D-B50E-CD24A7CD5CB4}.Release|Any CPU.ActiveCfg = Release|Any CPU
		{EA013CA2-5C20-446D-B50E-CD24A7CD5CB4}.Release|Any CPU.Build.0 = Release|Any CPU
	EndGlobalSection
EndGlobal
