
Microsoft Visual Studio Solution File, Format Version 12.00
Project("{FAE04EC0-301F-11D3-BF4B-00C04F79EFBC}") = "Hootel.Authentication", "Hootel.Authentication\Hootel.Authentication.csproj", "{6731D3C2-ABEE-4AFE-8B02-90766D78B504}"
EndProject
Global
	GlobalSection(SolutionConfigurationPlatforms) = preSolution
		Debug|Any CPU = Debug|Any CPU
		Release|Any CPU = Release|Any CPU
	EndGlobalSection
	GlobalSection(ProjectConfigurationPlatforms) = postSolution
		{6731D3C2-ABEE-4AFE-8B02-90766D78B504}.Debug|Any CPU.ActiveCfg = Debug|Any CPU
		{6731D3C2-ABEE-4AFE-8B02-90766D78B504}.Debug|Any CPU.Build.0 = Debug|Any CPU
		{6731D3C2-ABEE-4AFE-8B02-90766D78B504}.Release|Any CPU.ActiveCfg = Release|Any CPU
		{6731D3C2-ABEE-4AFE-8B02-90766D78B504}.Release|Any CPU.Build.0 = Release|Any CPU
	EndGlobalSection
EndGlobal
